// !$*UTF8*$!
{
	archiveVersion = 1;
	classes = {
	};
	objectVersion = 46;
	objects = {

/* Begin PBXBuildFile section */
		F2D99DD81A806F6C004C3270 /* Double_sentinel_list_driver.cpp in Sources */ = {isa = PBXBuildFile; fileRef = F2D99DD21A806F6C004C3270 /* Double_sentinel_list_driver.cpp */; };
/* End PBXBuildFile section */

/* Begin PBXCopyFilesBuildPhase section */
		F21BBDBE1A806F040073BE9E /* CopyFiles */ = {
			isa = PBXCopyFilesBuildPhase;
			buildActionMask = 2147483647;
			dstPath = /usr/share/man/man1/;
			dstSubfolderSpec = 0;
			files = (
			);
			runOnlyForDeploymentPostprocessing = 1;
		};
/* End PBXCopyFilesBuildPhase section */

/* Begin PBXFileReference section */
		F21BBDC01A806F040073BE9E /* lab1 */ = {isa = PBXFileReference; explicitFileType = "compiled.mach-o.executable"; includeInIndex = 0; path = lab1; sourceTree = BUILT_PRODUCTS_DIR; };
		F2D99DD01A806F6C004C3270 /* Double_node_tester.h */ = {isa = PBXFileReference; fileEncoding = 4; lastKnownFileType = sourcecode.c.h; path = Double_node_tester.h; sourceTree = "<group>"; };
		F2D99DD11A806F6C004C3270 /* Double_node.h */ = {isa = PBXFileReference; fileEncoding = 4; lastKnownFileType = sourcecode.c.h; path = Double_node.h; sourceTree = "<group>"; };
		F2D99DD21A806F6C004C3270 /* Double_sentinel_list_driver.cpp */ = {isa = PBXFileReference; fileEncoding = 4; lastKnownFileType = sourcecode.cpp.cpp; path = Double_sentinel_list_driver.cpp; sourceTree = "<group>"; };
		F2D99DD31A806F6C004C3270 /* Double_sentinel_list_tester.h */ = {isa = PBXFileReference; fileEncoding = 4; lastKnownFileType = sourcecode.c.h; path = Double_sentinel_list_tester.h; sourceTree = "<group>"; };
		F2D99DD41A806F6C004C3270 /* Double_sentinel_list.h */ = {isa = PBXFileReference; fileEncoding = 4; lastKnownFileType = sourcecode.c.h; path = Double_sentinel_list.h; sourceTree = "<group>"; };
		F2D99DD51A806F6C004C3270 /* ece250.h */ = {isa = PBXFileReference; fileEncoding = 4; lastKnownFileType = sourcecode.c.h; path = ece250.h; sourceTree = "<group>"; };
		F2D99DD61A806F6C004C3270 /* Exception.h */ = {isa = PBXFileReference; fileEncoding = 4; lastKnownFileType = sourcecode.c.h; path = Exception.h; sourceTree = "<group>"; };
		F2D99DD71A806F6C004C3270 /* Tester.h */ = {isa = PBXFileReference; fileEncoding = 4; lastKnownFileType = sourcecode.c.h; path = Tester.h; sourceTree = "<group>"; };
/* End PBXFileReference section */

/* Begin PBXFrameworksBuildPhase section */
		F21BBDBD1A806F040073BE9E /* Frameworks */ = {
			isa = PBXFrameworksBuildPhase;
			buildActionMask = 2147483647;
			files = (
			);
			runOnlyForDeploymentPostprocessing = 0;
		};
/* End PBXFrameworksBuildPhase section */

/* Begin PBXGroup section */
		F21BBDC11A806F040073BE9E /* Products */ = {
			isa = PBXGroup;
			children = (
				F21BBDC01A806F040073BE9E /* lab1 */,
			);
			name = Products;
			sourceTree = "<group>";
		};
		F21BBDC21A806F040073BE9E /* lab1 */ = {
			isa = PBXGroup;
			children = (
				F2D99DD01A806F6C004C3270 /* Double_node_tester.h */,
				F2D99DD11A806F6C004C3270 /* Double_node.h */,
				F2D99DD21A806F6C004C3270 /* Double_sentinel_list_driver.cpp */,
				F2D99DD31A806F6C004C3270 /* Double_sentinel_list_tester.h */,
				F2D99DD41A806F6C004C3270 /* Double_sentinel_list.h */,
				F2D99DD51A806F6C004C3270 /* ece250.h */,
				F2D99DD61A806F6C004C3270 /* Exception.h */,
				F2D99DD71A806F6C004C3270 /* Tester.h */,
			);
			path = lab1;
			sourceTree = "<group>";
		};
		F2BC8F931A8068640049A73D = {
			isa = PBXGroup;
			children = (
				F21BBDC21A806F040073BE9E /* lab1 */,
				F21BBDC11A806F040073BE9E /* Products */,
			);
			sourceTree = "<group>";
		};
/* End PBXGroup section */

/* Begin PBXNativeTarget section */
		F21BBDBF1A806F040073BE9E /* lab1 */ = {
			isa = PBXNativeTarget;
			buildConfigurationList = F21BBDC51A806F040073BE9E /* Build configuration list for PBXNativeTarget "lab1" */;
			buildPhases = (
				F21BBDBC1A806F040073BE9E /* Sources */,
				F21BBDBD1A806F040073BE9E /* Frameworks */,
				F21BBDBE1A806F040073BE9E /* CopyFiles */,
			);
			buildRules = (
			);
			dependencies = (
			);
			name = lab1;
			productName = lab1;
			productReference = F21BBDC01A806F040073BE9E /* lab1 */;
			productType = "com.apple.product-type.tool";
		};
/* End PBXNativeTarget section */

/* Begin PBXProject section */
		F2BC8F941A8068650049A73D /* Project object */ = {
			isa = PBXProject;
			attributes = {
				LastUpgradeCheck = 0610;
				TargetAttributes = {
					F21BBDBF1A806F040073BE9E = {
						CreatedOnToolsVersion = 6.1.1;
					};
				};
			};
			buildConfigurationList = F2BC8F971A8068650049A73D /* Build configuration list for PBXProject "Lab1" */;
			compatibilityVersion = "Xcode 3.2";
			developmentRegion = English;
			hasScannedForEncodings = 0;
			knownRegions = (
				en,
			);
			mainGroup = F2BC8F931A8068640049A73D;
			productRefGroup = F21BBDC11A806F040073BE9E /* Products */;
			projectDirPath = "";
			projectRoot = "";
			targets = (
				F21BBDBF1A806F040073BE9E /* lab1 */,
			);
		};
/* End PBXProject section */

/* Begin PBXSourcesBuildPhase section */
		F21BBDBC1A806F040073BE9E /* Sources */ = {
			isa = PBXSourcesBuildPhase;
			buildActionMask = 2147483647;
			files = (
				F2D99DD81A806F6C004C3270 /* Double_sentinel_list_driver.cpp in Sources */,
			);
			runOnlyForDeploymentPostprocessing = 0;
		};
/* End PBXSourcesBuildPhase section */

/* Begin XCBuildConfiguration section */
		F21BBDC61A806F040073BE9E /* Debug */ = {
			isa = XCBuildConfiguration;
			buildSettings = {
				ALWAYS_SEARCH_USER_PATHS = NO;
				CLANG_CXX_LANGUAGE_STANDARD = "gnu++0x";
				CLANG_CXX_LIBRARY = "libc++";
				CLANG_ENABLE_MODULES = YES;
				CLANG_ENABLE_OBJC_ARC = YES;
				CLANG_WARN_BOOL_CONVERSION = YES;
				CLANG_WARN_CONSTANT_CONVERSION = YES;
				CLANG_WARN_DIRECT_OBJC_ISA_USAGE = YES_ERROR;
				CLANG_WARN_EMPTY_BODY = YES;
				CLANG_WARN_ENUM_CONVERSION = YES;
				CLANG_WARN_INT_CONVERSION = YES;
				CLANG_WARN_OBJC_ROOT_CLASS = YES_ERROR;
				CLANG_WARN_UNREACHABLE_CODE = YES;
				CLANG_WARN__DUPLICATE_METHOD_MATCH = YES;
				COPY_PHASE_STRIP = NO;
				ENABLE_STRICT_OBJC_MSGSEND = YES;
				GCC_C_LANGUAGE_STANDARD = gnu99;
				GCC_DYNAMIC_NO_PIC = NO;
				GCC_OPTIMIZATION_LEVEL = 0;
				GCC_PREPROCESSOR_DEFINITIONS = (
					"DEBUG=1",
					"$(inherited)",
				);
				GCC_SYMBOLS_PRIVATE_EXTERN = NO;
				GCC_WARN_64_TO_32_BIT_CONVERSION = YES;
				GCC_WARN_ABOUT_RETURN_TYPE = YES_ERROR;
				GCC_WARN_UNDECLARED_SELECTOR = YES;
				GCC_WARN_UNINITIALIZED_AUTOS = YES_AGGRESSIVE;
				GCC_WARN_UNUSED_FUNCTION = YES;
				GCC_WARN_UNUSED_VARIABLE = YES;
				MACOSX_DEPLOYMENT_TARGET = 10.10;
				MTL_ENABLE_DEBUG_INFO = YES;
				ONLY_ACTIVE_ARCH = YES;
				PRODUCT_NAME = "$(TARGET_NAME)";
				SDKROOT = macosx;
			};
			name = Debug;
		};
		F21BBDC71A806F040073BE9E /* Release */ = {
			isa = XCBuildConfiguration;
			buildSettings = {
				ALWAYS_SEARCH_USER_PATHS = NO;
				CLANG_CXX_LANGUAGE_STANDARD = "gnu++0x";
				CLANG_CXX_LIBRARY = "libc++";
				CLANG_ENABLE_MODULES = YES;
				CLANG_ENABLE_OBJC_ARC = YES;
				CLANG_WARN_BOOL_CONVERSION = YES;
				CLANG_WARN_CONSTANT_CONVERSION = YES;
				CLANG_WARN_DIRECT_OBJC_ISA_USAGE = YES_ERROR;
				CLANG_WARN_EMPTY_BODY = YES;
				CLANG_WARN_ENUM_CONVERSION = YES;
				CLANG_WARN_INT_CONVERSION = YES;
				CLANG_WARN_OBJC_ROOT_CLASS = YES_ERROR;
				CLANG_WARN_UNREACHABLE_CODE = YES;
				CLANG_WARN__DUPLICATE_METHOD_MATCH = YES;
				COPY_PHASE_STRIP = YES;
				DEBUG_INFORMATION_FORMAT = "dwarf-with-dsym";
				ENABLE_NS_ASSERTIONS = NO;
				ENABLE_STRICT_OBJC_MSGSEND = YES;
				GCC_C_LANGUAGE_STANDARD = gnu99;
				GCC_WARN_64_TO_32_BIT_CONVERSION = YES;
				GCC_WARN_ABOUT_RETURN_TYPE = YES_ERROR;
				GCC_WARN_UNDECLARED_SELECTOR = YES;
				GCC_WARN_UNINITIALIZED_AUTOS = YES_AGGRESSIVE;
				GCC_WARN_UNUSED_FUNCTION = YES;
				GCC_WARN_UNUSED_VARIABLE = YES;
				MACOSX_DEPLOYMENT_TARGET = 10.10;
				MTL_ENABLE_DEBUG_INFO = NO;
				PRODUCT_NAME = "$(TARGET_NAME)";
				SDKROOT = macosx;
			};
			name = Release;
		};
		F2BC8F981A8068650049A73D /* Debug */ = {
			isa = XCBuildConfiguration;
			buildSettings = {
			};
			name = Debug;
		};
		F2BC8F991A8068650049A73D /* Release */ = {
			isa = XCBuildConfiguration;
			buildSettings = {
			};
			name = Release;
		};
/* End XCBuildConfiguration section */

/* Begin XCConfigurationList section */
		F21BBDC51A806F040073BE9E /* Build configuration list for PBXNativeTarget "lab1" */ = {
			isa = XCConfigurationList;
			buildConfigurations = (
				F21BBDC61A806F040073BE9E /* Debug */,
				F21BBDC71A806F040073BE9E /* Release */,
			);
			defaultConfigurationIsVisible = 0;
			defaultConfigurationName = Debug;
		};
		F2BC8F971A8068650049A73D /* Build configuration list for PBXProject "Lab1" */ = {
			isa = XCConfigurationList;
			buildConfigurations = (
				F2BC8F981A8068650049A73D /* Debug */,
				F2BC8F991A8068650049A73D /* Release */,
			);
			defaultConfigurationIsVisible = 0;
			defaultConfigurationName = Debug;
		};
/* End XCConfigurationList section */
	};
	rootObject = F2BC8F941A8068650049A73D /* Project object */;
}
